
Microsoft Visual Studio Solution File, Format Version 12.00
# Visual Studio Version 16
VisualStudioVersion = 16.0.28803.452
MinimumVisualStudioVersion = 10.0.40219.1
Project("{9A19103F-16F7-4668-BE54-9A1E7A4F7556}") = "PharmaGoApp", "PharmaGoApp\PharmaGoApp.csproj", "{4655B4E8-1259-49A5-AA14-1B2480822C9F}"
EndProject
Project("{9A19103F-16F7-4668-BE54-9A1E7A4F7556}") = "PharmaGo.BOL", "PharmaGo.BOL\PharmaGo.BOL.csproj", "{6BDAA4E5-499B-43BD-98FC-D5A9A0AC93B1}"
EndProject
Project("{9A19103F-16F7-4668-BE54-9A1E7A4F7556}") = "PharmaGo.DAL", "PharmaGo.DAL\PharmaGo.DAL.csproj", "{BDFC7F3A-47EA-4810-B77B-85DFEC203B54}"
EndProject
Project("{9A19103F-16F7-4668-BE54-9A1E7A4F7556}") = "PharmaGo.BLL", "PharmaGo.BLL\PharmaGo.BLL.csproj", "{943D782F-65A3-4BC1-8427-D9E42CFD8A7E}"
EndProject
Project("{FAE04EC0-301F-11D3-BF4B-00C04F79EFBC}") = "ThirdPartyHelper", "ThirdPartyHelper\ThirdPartyHelper.csproj", "{DDE36369-3D58-4876-8A38-5A4729F53610}"
EndProject
Global
	GlobalSection(SolutionConfigurationPlatforms) = preSolution
		Debug|Any CPU = Debug|Any CPU
		Release|Any CPU = Release|Any CPU
	EndGlobalSection
	GlobalSection(ProjectConfigurationPlatforms) = postSolution
		{4655B4E8-1259-49A5-AA14-1B2480822C9F}.Debug|Any CPU.ActiveCfg = Debug|Any CPU
		{4655B4E8-1259-49A5-AA14-1B2480822C9F}.Debug|Any CPU.Build.0 = Debug|Any CPU
		{4655B4E8-1259-49A5-AA14-1B2480822C9F}.Release|Any CPU.ActiveCfg = Release|Any CPU
		{4655B4E8-1259-49A5-AA14-1B2480822C9F}.Release|Any CPU.Build.0 = Release|Any CPU
		{6BDAA4E5-499B-43BD-98FC-D5A9A0AC93B1}.Debug|Any CPU.ActiveCfg = Debug|Any CPU
		{6BDAA4E5-499B-43BD-98FC-D5A9A0AC93B1}.Debug|Any CPU.Build.0 = Debug|Any CPU
		{6BDAA4E5-499B-43BD-98FC-D5A9A0AC93B1}.Release|Any CPU.ActiveCfg = Release|Any CPU
		{6BDAA4E5-499B-43BD-98FC-D5A9A0AC93B1}.Release|Any CPU.Build.0 = Release|Any CPU
		{BDFC7F3A-47EA-4810-B77B-85DFEC203B54}.Debug|Any CPU.ActiveCfg = Debug|Any CPU
		{BDFC7F3A-47EA-4810-B77B-85DFEC203B54}.Debug|Any CPU.Build.0 = Debug|Any CPU
		{BDFC7F3A-47EA-4810-B77B-85DFEC203B54}.Release|Any CPU.ActiveCfg = Release|Any CPU
		{BDFC7F3A-47EA-4810-B77B-85DFEC203B54}.Release|Any CPU.Build.0 = Release|Any CPU
		{943D782F-65A3-4BC1-8427-D9E42CFD8A7E}.Debug|Any CPU.ActiveCfg = Debug|Any CPU
		{943D782F-65A3-4BC1-8427-D9E42CFD8A7E}.Debug|Any CPU.Build.0 = Debug|Any CPU
		{943D782F-65A3-4BC1-8427-D9E42CFD8A7E}.Release|Any CPU.ActiveCfg = Release|Any CPU
		{943D782F-65A3-4BC1-8427-D9E42CFD8A7E}.Release|Any CPU.Build.0 = Release|Any CPU
		{DDE36369-3D58-4876-8A38-5A4729F53610}.Debug|Any CPU.ActiveCfg = Debug|Any CPU
		{DDE36369-3D58-4876-8A38-5A4729F53610}.Debug|Any CPU.Build.0 = Debug|Any CPU
		{DDE36369-3D58-4876-8A38-5A4729F53610}.Release|Any CPU.ActiveCfg = Release|Any CPU
		{DDE36369-3D58-4876-8A38-5A4729F53610}.Release|Any CPU.Build.0 = Release|Any CPU
	EndGlobalSection
	GlobalSection(SolutionProperties) = preSolution
		HideSolutionNode = FALSE
	EndGlobalSection
	GlobalSection(ExtensibilityGlobals) = postSolution
		SolutionGuid = {65F27070-FE71-441F-9916-9F129FA2860A}
	EndGlobalSection
EndGlobal
